
Microsoft Visual Studio Solution File, Format Version 12.00
# Visual Studio 15
VisualStudioVersion = 15.0.26730.15
MinimumVisualStudioVersion = 10.0.40219.1
Project("{8BC9CEB8-8B4A-11D0-8D11-00A0C91BC942}") = "A - 敌兵布阵", "A - 敌兵布阵.vcxproj", "{633A597B-414B-40F7-9B9D-2AF33038C013}"
EndProject
Global
	GlobalSection(SolutionConfigurationPlatforms) = preSolution
		Debug|x64 = Debug|x64
		Debug|x86 = Debug|x86
		Release|x64 = Release|x64
		Release|x86 = Release|x86
	EndGlobalSection
	GlobalSection(ProjectConfigurationPlatforms) = postSolution
		{633A597B-414B-40F7-9B9D-2AF33038C013}.Debug|x64.ActiveCfg = Debug|x64
		{633A597B-414B-40F7-9B9D-2AF33038C013}.Debug|x64.Build.0 = Debug|x64
		{633A597B-414B-40F7-9B9D-2AF33038C013}.Debug|x86.ActiveCfg = Debug|Win32
		{633A597B-414B-40F7-9B9D-2AF33038C013}.Debug|x86.Build.0 = Debug|Win32
		{633A597B-414B-40F7-9B9D-2AF33038C013}.Release|x64.ActiveCfg = Release|x64
		{633A597B-414B-40F7-9B9D-2AF33038C013}.Release|x64.Build.0 = Release|x64
		{633A597B-414B-40F7-9B9D-2AF33038C013}.Release|x86.ActiveCfg = Release|Win32
		{633A597B-414B-40F7-9B9D-2AF33038C013}.Release|x86.Build.0 = Release|Win32
	EndGlobalSection
	GlobalSection(SolutionProperties) = preSolution
		HideSolutionNode = FALSE
	EndGlobalSection
	GlobalSection(ExtensibilityGlobals) = postSolution
		SolutionGuid = {0B173F08-67D7-4FB8-8996-93A990290810}
	EndGlobalSection
EndGlobal
